
Microsoft Visual Studio Solution File, Format Version 12.00
# Visual Studio Version 17
VisualStudioVersion = 17.2.32630.192
MinimumVisualStudioVersion = 10.0.40219.1
Project("{9A19103F-16F7-4668-BE54-9A1E7A4F7556}") = "NetWork_Programming", "NetWork_Programming\NetWork_Programming.csproj", "{6603F763-EB35-48BC-AC27-4D313A553576}"
EndProject
Project("{9A19103F-16F7-4668-BE54-9A1E7A4F7556}") = "Server", "Server\Server.csproj", "{FF61E25B-F4D5-4C9C-8C6B-166ACBAA00AA}"
EndProject
Project("{9A19103F-16F7-4668-BE54-9A1E7A4F7556}") = "Client", "Client\Client.csproj", "{FEE5ED40-A684-4CB2-AC00-DDE4A29B0C7B}"
EndProject
Project("{FAE04EC0-301F-11D3-BF4B-00C04F79EFBC}") = "Async", "Async\Async.csproj", "{E803A454-0969-45B2-837B-876F69A44561}"
EndProject
Project("{FAE04EC0-301F-11D3-BF4B-00C04F79EFBC}") = "Server_Forms", "Server_Forms\Server_Forms.csproj", "{2BEE8272-48AD-44A6-AE0D-8B512CB1E8F4}"
EndProject
Global
	GlobalSection(SolutionConfigurationPlatforms) = preSolution
		Debug|Any CPU = Debug|Any CPU
		Release|Any CPU = Release|Any CPU
	EndGlobalSection
	GlobalSection(ProjectConfigurationPlatforms) = postSolution
		{6603F763-EB35-48BC-AC27-4D313A553576}.Debug|Any CPU.ActiveCfg = Debug|Any CPU
		{6603F763-EB35-48BC-AC27-4D313A553576}.Debug|Any CPU.Build.0 = Debug|Any CPU
		{6603F763-EB35-48BC-AC27-4D313A553576}.Release|Any CPU.ActiveCfg = Release|Any CPU
		{6603F763-EB35-48BC-AC27-4D313A553576}.Release|Any CPU.Build.0 = Release|Any CPU
		{FF61E25B-F4D5-4C9C-8C6B-166ACBAA00AA}.Debug|Any CPU.ActiveCfg = Debug|Any CPU
		{FF61E25B-F4D5-4C9C-8C6B-166ACBAA00AA}.Debug|Any CPU.Build.0 = Debug|Any CPU
		{FF61E25B-F4D5-4C9C-8C6B-166ACBAA00AA}.Release|Any CPU.ActiveCfg = Release|Any CPU
		{FF61E25B-F4D5-4C9C-8C6B-166ACBAA00AA}.Release|Any CPU.Build.0 = Release|Any CPU
		{FEE5ED40-A684-4CB2-AC00-DDE4A29B0C7B}.Debug|Any CPU.ActiveCfg = Debug|Any CPU
		{FEE5ED40-A684-4CB2-AC00-DDE4A29B0C7B}.Debug|Any CPU.Build.0 = Debug|Any CPU
		{FEE5ED40-A684-4CB2-AC00-DDE4A29B0C7B}.Release|Any CPU.ActiveCfg = Release|Any CPU
		{FEE5ED40-A684-4CB2-AC00-DDE4A29B0C7B}.Release|Any CPU.Build.0 = Release|Any CPU
		{E803A454-0969-45B2-837B-876F69A44561}.Debug|Any CPU.ActiveCfg = Debug|Any CPU
		{E803A454-0969-45B2-837B-876F69A44561}.Debug|Any CPU.Build.0 = Debug|Any CPU
		{E803A454-0969-45B2-837B-876F69A44561}.Release|Any CPU.ActiveCfg = Release|Any CPU
		{E803A454-0969-45B2-837B-876F69A44561}.Release|Any CPU.Build.0 = Release|Any CPU
		{2BEE8272-48AD-44A6-AE0D-8B512CB1E8F4}.Debug|Any CPU.ActiveCfg = Debug|Any CPU
		{2BEE8272-48AD-44A6-AE0D-8B512CB1E8F4}.Debug|Any CPU.Build.0 = Debug|Any CPU
		{2BEE8272-48AD-44A6-AE0D-8B512CB1E8F4}.Release|Any CPU.ActiveCfg = Release|Any CPU
		{2BEE8272-48AD-44A6-AE0D-8B512CB1E8F4}.Release|Any CPU.Build.0 = Release|Any CPU
	EndGlobalSection
	GlobalSection(SolutionProperties) = preSolution
		HideSolutionNode = FALSE
	EndGlobalSection
	GlobalSection(ExtensibilityGlobals) = postSolution
		SolutionGuid = {5200B103-E955-4039-A703-26C5009A94A3}
	EndGlobalSection
EndGlobal
